// !$*UTF8*$!
{
	archiveVersion = 1;
	classes = {
	};
	objectVersion = 50;
	objects = {

/* Begin PBXBuildFile section */
		28A3A46D2373FECA00418A14 /* AppDelegate.swift in Sources */ = {isa = PBXBuildFile; fileRef = 28A3A46C2373FECA00418A14 /* AppDelegate.swift */; };
		28A3A46F2373FECA00418A14 /* SceneDelegate.swift in Sources */ = {isa = PBXBuildFile; fileRef = 28A3A46E2373FECA00418A14 /* SceneDelegate.swift */; };
		28A3A4722373FECA00418A14 /* __PacManLoaderAnimation.xcdatamodeld in Sources */ = {isa = PBXBuildFile; fileRef = 28A3A4702373FECA00418A14 /* __PacManLoaderAnimation.xcdatamodeld */; };
		28A3A4742373FECA00418A14 /* ContentView.swift in Sources */ = {isa = PBXBuildFile; fileRef = 28A3A4732373FECA00418A14 /* ContentView.swift */; };
		28A3A4762373FECA00418A14 /* Assets.xcassets in Resources */ = {isa = PBXBuildFile; fileRef = 28A3A4752373FECA00418A14 /* Assets.xcassets */; };
		28A3A4792373FECA00418A14 /* Preview Assets.xcassets in Resources */ = {isa = PBXBuildFile; fileRef = 28A3A4782373FECA00418A14 /* Preview Assets.xcassets */; };
		28A3A47C2373FECA00418A14 /* LaunchScreen.storyboard in Resources */ = {isa = PBXBuildFile; fileRef = 28A3A47A2373FECA00418A14 /* LaunchScreen.storyboard */; };
		28A3A4872373FECB00418A14 /* __PacManLoaderAnimationTests.swift in Sources */ = {isa = PBXBuildFile; fileRef = 28A3A4862373FECB00418A14 /* __PacManLoaderAnimationTests.swift */; };
		28A3A4922373FECB00418A14 /* __PacManLoaderAnimationUITests.swift in Sources */ = {isa = PBXBuildFile; fileRef = 28A3A4912373FECB00418A14 /* __PacManLoaderAnimationUITests.swift */; };
/* End PBXBuildFile section */

/* Begin PBXContainerItemProxy section */
		28A3A4832373FECB00418A14 /* PBXContainerItemProxy */ = {
			isa = PBXContainerItemProxy;
			containerPortal = 28A3A4612373FECA00418A14 /* Project object */;
			proxyType = 1;
			remoteGlobalIDString = 28A3A4682373FECA00418A14;
			remoteInfo = 2_PacManLoaderAnimation;
		};
		28A3A48E2373FECB00418A14 /* PBXContainerItemProxy */ = {
			isa = PBXContainerItemProxy;
			containerPortal = 28A3A4612373FECA00418A14 /* Project object */;
			proxyType = 1;
			remoteGlobalIDString = 28A3A4682373FECA00418A14;
			remoteInfo = 2_PacManLoaderAnimation;
		};
/* End PBXContainerItemProxy section */

/* Begin PBXFileReference section */
		28A3A4692373FECA00418A14 /* 2_PacManLoaderAnimation.app */ = {isa = PBXFileReference; explicitFileType = wrapper.application; includeInIndex = 0; path = 2_PacManLoaderAnimation.app; sourceTree = BUILT_PRODUCTS_DIR; };
		28A3A46C2373FECA00418A14 /* AppDelegate.swift */ = {isa = PBXFileReference; lastKnownFileType = sourcecode.swift; path = AppDelegate.swift; sourceTree = "<group>"; };
		28A3A46E2373FECA00418A14 /* SceneDelegate.swift */ = {isa = PBXFileReference; lastKnownFileType = sourcecode.swift; path = SceneDelegate.swift; sourceTree = "<group>"; };
		28A3A4712373FECA00418A14 /* __PacManLoaderAnimation.xcdatamodel */ = {isa = PBXFileReference; lastKnownFileType = wrapper.xcdatamodel; path = __PacManLoaderAnimation.xcdatamodel; sourceTree = "<group>"; };
		28A3A4732373FECA00418A14 /* ContentView.swift */ = {isa = PBXFileReference; lastKnownFileType = sourcecode.swift; path = ContentView.swift; sourceTree = "<group>"; };
		28A3A4752373FECA00418A14 /* Assets.xcassets */ = {isa = PBXFileReference; lastKnownFileType = folder.assetcatalog; path = Assets.xcassets; sourceTree = "<group>"; };
		28A3A4782373FECA00418A14 /* Preview Assets.xcassets */ = {isa = PBXFileReference; lastKnownFileType = folder.assetcatalog; path = "Preview Assets.xcassets"; sourceTree = "<group>"; };
		28A3A47B2373FECA00418A14 /* Base */ = {isa = PBXFileReference; lastKnownFileType = file.storyboard; name = Base; path = Base.lproj/LaunchScreen.storyboard; sourceTree = "<group>"; };
		28A3A47D2373FECA00418A14 /* Info.plist */ = {isa = PBXFileReference; lastKnownFileType = text.plist.xml; path = Info.plist; sourceTree = "<group>"; };
		28A3A4822373FECB00418A14 /* 2_PacManLoaderAnimationTests.xctest */ = {isa = PBXFileReference; explicitFileType = wrapper.cfbundle; includeInIndex = 0; path = 2_PacManLoaderAnimationTests.xctest; sourceTree = BUILT_PRODUCTS_DIR; };
		28A3A4862373FECB00418A14 /* __PacManLoaderAnimationTests.swift */ = {isa = PBXFileReference; lastKnownFileType = sourcecode.swift; path = __PacManLoaderAnimationTests.swift; sourceTree = "<group>"; };
		28A3A4882373FECB00418A14 /* Info.plist */ = {isa = PBXFileReference; lastKnownFileType = text.plist.xml; path = Info.plist; sourceTree = "<group>"; };
		28A3A48D2373FECB00418A14 /* 2_PacManLoaderAnimationUITests.xctest */ = {isa = PBXFileReference; explicitFileType = wrapper.cfbundle; includeInIndex = 0; path = 2_PacManLoaderAnimationUITests.xctest; sourceTree = BUILT_PRODUCTS_DIR; };
		28A3A4912373FECB00418A14 /* __PacManLoaderAnimationUITests.swift */ = {isa = PBXFileReference; lastKnownFileType = sourcecode.swift; path = __PacManLoaderAnimationUITests.swift; sourceTree = "<group>"; };
		28A3A4932373FECB00418A14 /* Info.plist */ = {isa = PBXFileReference; lastKnownFileType = text.plist.xml; path = Info.plist; sourceTree = "<group>"; };
/* End PBXFileReference section */

/* Begin PBXFrameworksBuildPhase section */
		28A3A4662373FECA00418A14 /* Frameworks */ = {
			isa = PBXFrameworksBuildPhase;
			buildActionMask = 2147483647;
			files = (
			);
			runOnlyForDeploymentPostprocessing = 0;
		};
		28A3A47F2373FECB00418A14 /* Frameworks */ = {
			isa = PBXFrameworksBuildPhase;
			buildActionMask = 2147483647;
			files = (
			);
			runOnlyForDeploymentPostprocessing = 0;
		};
		28A3A48A2373FECB00418A14 /* Frameworks */ = {
			isa = PBXFrameworksBuildPhase;
			buildActionMask = 2147483647;
			files = (
			);
			runOnlyForDeploymentPostprocessing = 0;
		};
/* End PBXFrameworksBuildPhase section */

/* Begin PBXGroup section */
		28A3A4602373FECA00418A14 = {
			isa = PBXGroup;
			children = (
				28A3A46B2373FECA00418A14 /* 2_PacManLoaderAnimation */,
				28A3A4852373FECB00418A14 /* 2_PacManLoaderAnimationTests */,
				28A3A4902373FECB00418A14 /* 2_PacManLoaderAnimationUITests */,
				28A3A46A2373FECA00418A14 /* Products */,
			);
			sourceTree = "<group>";
		};
		28A3A46A2373FECA00418A14 /* Products */ = {
			isa = PBXGroup;
			children = (
				28A3A4692373FECA00418A14 /* 2_PacManLoaderAnimation.app */,
				28A3A4822373FECB00418A14 /* 2_PacManLoaderAnimationTests.xctest */,
				28A3A48D2373FECB00418A14 /* 2_PacManLoaderAnimationUITests.xctest */,
			);
			name = Products;
			sourceTree = "<group>";
		};
		28A3A46B2373FECA00418A14 /* 2_PacManLoaderAnimation */ = {
			isa = PBXGroup;
			children = (
				28A3A46C2373FECA00418A14 /* AppDelegate.swift */,
				28A3A46E2373FECA00418A14 /* SceneDelegate.swift */,
				28A3A4732373FECA00418A14 /* ContentView.swift */,
				28A3A4752373FECA00418A14 /* Assets.xcassets */,
				28A3A47A2373FECA00418A14 /* LaunchScreen.storyboard */,
				28A3A47D2373FECA00418A14 /* Info.plist */,
				28A3A4702373FECA00418A14 /* __PacManLoaderAnimation.xcdatamodeld */,
				28A3A4772373FECA00418A14 /* Preview Content */,
			);
			path = 2_PacManLoaderAnimation;
			sourceTree = "<group>";
		};
		28A3A4772373FECA00418A14 /* Preview Content */ = {
			isa = PBXGroup;
			children = (
				28A3A4782373FECA00418A14 /* Preview Assets.xcassets */,
			);
			path = "Preview Content";
			sourceTree = "<group>";
		};
		28A3A4852373FECB00418A14 /* 2_PacManLoaderAnimationTests */ = {
			isa = PBXGroup;
			children = (
				28A3A4862373FECB00418A14 /* __PacManLoaderAnimationTests.swift */,
				28A3A4882373FECB00418A14 /* Info.plist */,
			);
			path = 2_PacManLoaderAnimationTests;
			sourceTree = "<group>";
		};
		28A3A4902373FECB00418A14 /* 2_PacManLoaderAnimationUITests */ = {
			isa = PBXGroup;
			children = (
				28A3A4912373FECB00418A14 /* __PacManLoaderAnimationUITests.swift */,
				28A3A4932373FECB00418A14 /* Info.plist */,
			);
			path = 2_PacManLoaderAnimationUITests;
			sourceTree = "<group>";
		};
/* End PBXGroup section */

/* Begin PBXNativeTarget section */
		28A3A4682373FECA00418A14 /* 2_PacManLoaderAnimation */ = {
			isa = PBXNativeTarget;
			buildConfigurationList = 28A3A4962373FECB00418A14 /* Build configuration list for PBXNativeTarget "2_PacManLoaderAnimation" */;
			buildPhases = (
				28A3A4652373FECA00418A14 /* Sources */,
				28A3A4662373FECA00418A14 /* Frameworks */,
				28A3A4672373FECA00418A14 /* Resources */,
			);
			buildRules = (
			);
			dependencies = (
			);
			name = 2_PacManLoaderAnimation;
			productName = 2_PacManLoaderAnimation;
			productReference = 28A3A4692373FECA00418A14 /* 2_PacManLoaderAnimation.app */;
			productType = "com.apple.product-type.application";
		};
		28A3A4812373FECB00418A14 /* 2_PacManLoaderAnimationTests */ = {
			isa = PBXNativeTarget;
			buildConfigurationList = 28A3A4992373FECB00418A14 /* Build configuration list for PBXNativeTarget "2_PacManLoaderAnimationTests" */;
			buildPhases = (
				28A3A47E2373FECB00418A14 /* Sources */,
				28A3A47F2373FECB00418A14 /* Frameworks */,
				28A3A4802373FECB00418A14 /* Resources */,
			);
			buildRules = (
			);
			dependencies = (
				28A3A4842373FECB00418A14 /* PBXTargetDependency */,
			);
			name = 2_PacManLoaderAnimationTests;
			productName = 2_PacManLoaderAnimationTests;
			productReference = 28A3A4822373FECB00418A14 /* 2_PacManLoaderAnimationTests.xctest */;
			productType = "com.apple.product-type.bundle.unit-test";
		};
		28A3A48C2373FECB00418A14 /* 2_PacManLoaderAnimationUITests */ = {
			isa = PBXNativeTarget;
			buildConfigurationList = 28A3A49C2373FECB00418A14 /* Build configuration list for PBXNativeTarget "2_PacManLoaderAnimationUITests" */;
			buildPhases = (
				28A3A4892373FECB00418A14 /* Sources */,
				28A3A48A2373FECB00418A14 /* Frameworks */,
				28A3A48B2373FECB00418A14 /* Resources */,
			);
			buildRules = (
			);
			dependencies = (
				28A3A48F2373FECB00418A14 /* PBXTargetDependency */,
			);
			name = 2_PacManLoaderAnimationUITests;
			productName = 2_PacManLoaderAnimationUITests;
			productReference = 28A3A48D2373FECB00418A14 /* 2_PacManLoaderAnimationUITests.xctest */;
			productType = "com.apple.product-type.bundle.ui-testing";
		};
/* End PBXNativeTarget section */

/* Begin PBXProject section */
		28A3A4612373FECA00418A14 /* Project object */ = {
			isa = PBXProject;
			attributes = {
				LastSwiftUpdateCheck = 1120;
				LastUpgradeCheck = 1120;
				ORGANIZATIONNAME = Viettasc;
				TargetAttributes = {
					28A3A4682373FECA00418A14 = {
						CreatedOnToolsVersion = 11.2;
					};
					28A3A4812373FECB00418A14 = {
						CreatedOnToolsVersion = 11.2;
						TestTargetID = 28A3A4682373FECA00418A14;
					};
					28A3A48C2373FECB00418A14 = {
						CreatedOnToolsVersion = 11.2;
						TestTargetID = 28A3A4682373FECA00418A14;
					};
				};
			};
			buildConfigurationList = 28A3A4642373FECA00418A14 /* Build configuration list for PBXProject "2_PacManLoaderAnimation" */;
			compatibilityVersion = "Xcode 9.3";
			developmentRegion = en;
			hasScannedForEncodings = 0;
			knownRegions = (
				en,
				Base,
			);
			mainGroup = 28A3A4602373FECA00418A14;
			productRefGroup = 28A3A46A2373FECA00418A14 /* Products */;
			projectDirPath = "";
			projectRoot = "";
			targets = (
				28A3A4682373FECA00418A14 /* 2_PacManLoaderAnimation */,
				28A3A4812373FECB00418A14 /* 2_PacManLoaderAnimationTests */,
				28A3A48C2373FECB00418A14 /* 2_PacManLoaderAnimationUITests */,
			);
		};
/* End PBXProject section */

/* Begin PBXResourcesBuildPhase section */
		28A3A4672373FECA00418A14 /* Resources */ = {
			isa = PBXResourcesBuildPhase;
			buildActionMask = 2147483647;
			files = (
				28A3A47C2373FECA00418A14 /* LaunchScreen.storyboard in Resources */,
				28A3A4792373FECA00418A14 /* Preview Assets.xcassets in Resources */,
				28A3A4762373FECA00418A14 /* Assets.xcassets in Resources */,
			);
			runOnlyForDeploymentPostprocessing = 0;
		};
		28A3A4802373FECB00418A14 /* Resources */ = {
			isa = PBXResourcesBuildPhase;
			buildActionMask = 2147483647;
			files = (
			);
			runOnlyForDeploymentPostprocessing = 0;
		};
		28A3A48B2373FECB00418A14 /* Resources */ = {
			isa = PBXResourcesBuildPhase;
			buildActionMask = 2147483647;
			files = (
			);
			runOnlyForDeploymentPostprocessing = 0;
		};
/* End PBXResourcesBuildPhase section */

/* Begin PBXSourcesBuildPhase section */
		28A3A4652373FECA00418A14 /* Sources */ = {
			isa = PBXSourcesBuildPhase;
			buildActionMask = 2147483647;
			files = (
				28A3A46D2373FECA00418A14 /* AppDelegate.swift in Sources */,
				28A3A4722373FECA00418A14 /* __PacManLoaderAnimation.xcdatamodeld in Sources */,
				28A3A4742373FECA00418A14 /* ContentView.swift in Sources */,
				28A3A46F2373FECA00418A14 /* SceneDelegate.swift in Sources */,
			);
			runOnlyForDeploymentPostprocessing = 0;
		};
		28A3A47E2373FECB00418A14 /* Sources */ = {
			isa = PBXSourcesBuildPhase;
			buildActionMask = 2147483647;
			files = (
				28A3A4872373FECB00418A14 /* __PacManLoaderAnimationTests.swift in Sources */,
			);
			runOnlyForDeploymentPostprocessing = 0;
		};
		28A3A4892373FECB00418A14 /* Sources */ = {
			isa = PBXSourcesBuildPhase;
			buildActionMask = 2147483647;
			files = (
				28A3A4922373FECB00418A14 /* __PacManLoaderAnimationUITests.swift in Sources */,
			);
			runOnlyForDeploymentPostprocessing = 0;
		};
/* End PBXSourcesBuildPhase section */

/* Begin PBXTargetDependency section */
		28A3A4842373FECB00418A14 /* PBXTargetDependency */ = {
			isa = PBXTargetDependency;
			target = 28A3A4682373FECA00418A14 /* 2_PacManLoaderAnimation */;
			targetProxy = 28A3A4832373FECB00418A14 /* PBXContainerItemProxy */;
		};
		28A3A48F2373FECB00418A14 /* PBXTargetDependency */ = {
			isa = PBXTargetDependency;
			target = 28A3A4682373FECA00418A14 /* 2_PacManLoaderAnimation */;
			targetProxy = 28A3A48E2373FECB00418A14 /* PBXContainerItemProxy */;
		};
/* End PBXTargetDependency section */

/* Begin PBXVariantGroup section */
		28A3A47A2373FECA00418A14 /* LaunchScreen.storyboard */ = {
			isa = PBXVariantGroup;
			children = (
				28A3A47B2373FECA00418A14 /* Base */,
			);
			name = LaunchScreen.storyboard;
			sourceTree = "<group>";
		};
/* End PBXVariantGroup section */

/* Begin XCBuildConfiguration section */
		28A3A4942373FECB00418A14 /* Debug */ = {
			isa = XCBuildConfiguration;
			buildSettings = {
				ALWAYS_SEARCH_USER_PATHS = NO;
				CLANG_ANALYZER_NONNULL = YES;
				CLANG_ANALYZER_NUMBER_OBJECT_CONVERSION = YES_AGGRESSIVE;
				CLANG_CXX_LANGUAGE_STANDARD = "gnu++14";
				CLANG_CXX_LIBRARY = "libc++";
				CLANG_ENABLE_MODULES = YES;
				CLANG_ENABLE_OBJC_ARC = YES;
				CLANG_ENABLE_OBJC_WEAK = YES;
				CLANG_WARN_BLOCK_CAPTURE_AUTORELEASING = YES;
				CLANG_WARN_BOOL_CONVERSION = YES;
				CLANG_WARN_COMMA = YES;
				CLANG_WARN_CONSTANT_CONVERSION = YES;
				CLANG_WARN_DEPRECATED_OBJC_IMPLEMENTATIONS = YES;
				CLANG_WARN_DIRECT_OBJC_ISA_USAGE = YES_ERROR;
				CLANG_WARN_DOCUMENTATION_COMMENTS = YES;
				CLANG_WARN_EMPTY_BODY = YES;
				CLANG_WARN_ENUM_CONVERSION = YES;
				CLANG_WARN_INFINITE_RECURSION = YES;
				CLANG_WARN_INT_CONVERSION = YES;
				CLANG_WARN_NON_LITERAL_NULL_CONVERSION = YES;
				CLANG_WARN_OBJC_IMPLICIT_RETAIN_SELF = YES;
				CLANG_WARN_OBJC_LITERAL_CONVERSION = YES;
				CLANG_WARN_OBJC_ROOT_CLASS = YES_ERROR;
				CLANG_WARN_RANGE_LOOP_ANALYSIS = YES;
				CLANG_WARN_STRICT_PROTOTYPES = YES;
				CLANG_WARN_SUSPICIOUS_MOVE = YES;
				CLANG_WARN_UNGUARDED_AVAILABILITY = YES_AGGRESSIVE;
				CLANG_WARN_UNREACHABLE_CODE = YES;
				CLANG_WARN__DUPLICATE_METHOD_MATCH = YES;
				COPY_PHASE_STRIP = NO;
				DEBUG_INFORMATION_FORMAT = dwarf;
				ENABLE_STRICT_OBJC_MSGSEND = YES;
				ENABLE_TESTABILITY = YES;
				GCC_C_LANGUAGE_STANDARD = gnu11;
				GCC_DYNAMIC_NO_PIC = NO;
				GCC_NO_COMMON_BLOCKS = YES;
				GCC_OPTIMIZATION_LEVEL = 0;
				GCC_PREPROCESSOR_DEFINITIONS = (
					"DEBUG=1",
					"$(inherited)",
				);
				GCC_WARN_64_TO_32_BIT_CONVERSION = YES;
				GCC_WARN_ABOUT_RETURN_TYPE = YES_ERROR;
				GCC_WARN_UNDECLARED_SELECTOR = YES;
				GCC_WARN_UNINITIALIZED_AUTOS = YES_AGGRESSIVE;
				GCC_WARN_UNUSED_FUNCTION = YES;
				GCC_WARN_UNUSED_VARIABLE = YES;
				IPHONEOS_DEPLOYMENT_TARGET = 13.2;
				MTL_ENABLE_DEBUG_INFO = INCLUDE_SOURCE;
				MTL_FAST_MATH = YES;
				ONLY_ACTIVE_ARCH = YES;
				SDKROOT = iphoneos;
				SWIFT_ACTIVE_COMPILATION_CONDITIONS = DEBUG;
				SWIFT_OPTIMIZATION_LEVEL = "-Onone";
			};
			name = Debug;
		};
		28A3A4952373FECB00418A14 /* Release */ = {
			isa = XCBuildConfiguration;
			buildSettings = {
				ALWAYS_SEARCH_USER_PATHS = NO;
				CLANG_ANALYZER_NONNULL = YES;
				CLANG_ANALYZER_NUMBER_OBJECT_CONVERSION = YES_AGGRESSIVE;
				CLANG_CXX_LANGUAGE_STANDARD = "gnu++14";
				CLANG_CXX_LIBRARY = "libc++";
				CLANG_ENABLE_MODULES = YES;
				CLANG_ENABLE_OBJC_ARC = YES;
				CLANG_ENABLE_OBJC_WEAK = YES;
				CLANG_WARN_BLOCK_CAPTURE_AUTORELEASING = YES;
				CLANG_WARN_BOOL_CONVERSION = YES;
				CLANG_WARN_COMMA = YES;
				CLANG_WARN_CONSTANT_CONVERSION = YES;
				CLANG_WARN_DEPRECATED_OBJC_IMPLEMENTATIONS = YES;
				CLANG_WARN_DIRECT_OBJC_ISA_USAGE = YES_ERROR;
				CLANG_WARN_DOCUMENTATION_COMMENTS = YES;
				CLANG_WARN_EMPTY_BODY = YES;
				CLANG_WARN_ENUM_CONVERSION = YES;
				CLANG_WARN_INFINITE_RECURSION = YES;
				CLANG_WARN_INT_CONVERSION = YES;
				CLANG_WARN_NON_LITERAL_NULL_CONVERSION = YES;
				CLANG_WARN_OBJC_IMPLICIT_RETAIN_SELF = YES;
				CLANG_WARN_OBJC_LITERAL_CONVERSION = YES;
				CLANG_WARN_OBJC_ROOT_CLASS = YES_ERROR;
				CLANG_WARN_RANGE_LOOP_ANALYSIS = YES;
				CLANG_WARN_STRICT_PROTOTYPES = YES;
				CLANG_WARN_SUSPICIOUS_MOVE = YES;
				CLANG_WARN_UNGUARDED_AVAILABILITY = YES_AGGRESSIVE;
				CLANG_WARN_UNREACHABLE_CODE = YES;
				CLANG_WARN__DUPLICATE_METHOD_MATCH = YES;
				COPY_PHASE_STRIP = NO;
				DEBUG_INFORMATION_FORMAT = "dwarf-with-dsym";
				ENABLE_NS_ASSERTIONS = NO;
				ENABLE_STRICT_OBJC_MSGSEND = YES;
				GCC_C_LANGUAGE_STANDARD = gnu11;
				GCC_NO_COMMON_BLOCKS = YES;
				GCC_WARN_64_TO_32_BIT_CONVERSION = YES;
				GCC_WARN_ABOUT_RETURN_TYPE = YES_ERROR;
				GCC_WARN_UNDECLARED_SELECTOR = YES;
				GCC_WARN_UNINITIALIZED_AUTOS = YES_AGGRESSIVE;
				GCC_WARN_UNUSED_FUNCTION = YES;
				GCC_WARN_UNUSED_VARIABLE = YES;
				IPHONEOS_DEPLOYMENT_TARGET = 13.2;
				MTL_ENABLE_DEBUG_INFO = NO;
				MTL_FAST_MATH = YES;
				SDKROOT = iphoneos;
				SWIFT_COMPILATION_MODE = wholemodule;
				SWIFT_OPTIMIZATION_LEVEL = "-O";
				VALIDATE_PRODUCT = YES;
			};
			name = Release;
		};
		28A3A4972373FECB00418A14 /* Debug */ = {
			isa = XCBuildConfiguration;
			buildSettings = {
				ASSETCATALOG_COMPILER_APPICON_NAME = AppIcon;
				CODE_SIGN_STYLE = Automatic;
				DEVELOPMENT_ASSET_PATHS = "\"2_PacManLoaderAnimation/Preview Content\"";
				DEVELOPMENT_TEAM = 62WM398225;
				ENABLE_PREVIEWS = YES;
				INFOPLIST_FILE = 2_PacManLoaderAnimation/Info.plist;
				LD_RUNPATH_SEARCH_PATHS = (
					"$(inherited)",
					"@executable_path/Frameworks",
				);
				PRODUCT_BUNDLE_IDENTIFIER = "ace.senegal.viettasc.--PacManLoaderAnimation";
				PRODUCT_NAME = "$(TARGET_NAME)";
				SWIFT_VERSION = 5.0;
				TARGETED_DEVICE_FAMILY = "1,2";
			};
			name = Debug;
		};
		28A3A4982373FECB00418A14 /* Release */ = {
			isa = XCBuildConfiguration;
			buildSettings = {
				ASSETCATALOG_COMPILER_APPICON_NAME = AppIcon;
				CODE_SIGN_STYLE = Automatic;
				DEVELOPMENT_ASSET_PATHS = "\"2_PacManLoaderAnimation/Preview Content\"";
				DEVELOPMENT_TEAM = 62WM398225;
				ENABLE_PREVIEWS = YES;
				INFOPLIST_FILE = 2_PacManLoaderAnimation/Info.plist;
				LD_RUNPATH_SEARCH_PATHS = (
					"$(inherited)",
					"@executable_path/Frameworks",
				);
				PRODUCT_BUNDLE_IDENTIFIER = "ace.senegal.viettasc.--PacManLoaderAnimation";
				PRODUCT_NAME = "$(TARGET_NAME)";
				SWIFT_VERSION = 5.0;
				TARGETED_DEVICE_FAMILY = "1,2";
			};
			name = Release;
		};
		28A3A49A2373FECB00418A14 /* Debug */ = {
			isa = XCBuildConfiguration;
			buildSettings = {
				ALWAYS_EMBED_SWIFT_STANDARD_LIBRARIES = YES;
				BUNDLE_LOADER = "$(TEST_HOST)";
				CODE_SIGN_STYLE = Automatic;
				DEVELOPMENT_TEAM = 62WM398225;
				INFOPLIST_FILE = 2_PacManLoaderAnimationTests/Info.plist;
				IPHONEOS_DEPLOYMENT_TARGET = 13.2;
				LD_RUNPATH_SEARCH_PATHS = (
					"$(inherited)",
					"@executable_path/Frameworks",
					"@loader_path/Frameworks",
				);
				PRODUCT_BUNDLE_IDENTIFIER = "ace.senegal.viettasc.--PacManLoaderAnimationTests";
				PRODUCT_NAME = "$(TARGET_NAME)";
				SWIFT_VERSION = 5.0;
				TARGETED_DEVICE_FAMILY = "1,2";
				TEST_HOST = "$(BUILT_PRODUCTS_DIR)/2_PacManLoaderAnimation.app/2_PacManLoaderAnimation";
			};
			name = Debug;
		};
		28A3A49B2373FECB00418A14 /* Release */ = {
			isa = XCBuildConfiguration;
			buildSettings = {
				ALWAYS_EMBED_SWIFT_STANDARD_LIBRARIES = YES;
				BUNDLE_LOADER = "$(TEST_HOST)";
				CODE_SIGN_STYLE = Automatic;
				DEVELOPMENT_TEAM = 62WM398225;
				INFOPLIST_FILE = 2_PacManLoaderAnimationTests/Info.plist;
				IPHONEOS_DEPLOYMENT_TARGET = 13.2;
				LD_RUNPATH_SEARCH_PATHS = (
					"$(inherited)",
					"@executable_path/Frameworks",
					"@loader_path/Frameworks",
				);
				PRODUCT_BUNDLE_IDENTIFIER = "ace.senegal.viettasc.--PacManLoaderAnimationTests";
				PRODUCT_NAME = "$(TARGET_NAME)";
				SWIFT_VERSION = 5.0;
				TARGETED_DEVICE_FAMILY = "1,2";
				TEST_HOST = "$(BUILT_PRODUCTS_DIR)/2_PacManLoaderAnimation.app/2_PacManLoaderAnimation";
			};
			name = Release;
		};
		28A3A49D2373FECB00418A14 /* Debug */ = {
			isa = XCBuildConfiguration;
			buildSettings = {
				ALWAYS_EMBED_SWIFT_STANDARD_LIBRARIES = YES;
				CODE_SIGN_STYLE = Automatic;
				DEVELOPMENT_TEAM = 62WM398225;
				INFOPLIST_FILE = 2_PacManLoaderAnimationUITests/Info.plist;
				LD_RUNPATH_SEARCH_PATHS = (
					"$(inherited)",
					"@executable_path/Frameworks",
					"@loader_path/Frameworks",
				);
				PRODUCT_BUNDLE_IDENTIFIER = "ace.senegal.viettasc.--PacManLoaderAnimationUITests";
				PRODUCT_NAME = "$(TARGET_NAME)";
				SWIFT_VERSION = 5.0;
				TARGETED_DEVICE_FAMILY = "1,2";
				TEST_TARGET_NAME = 2_PacManLoaderAnimation;
			};
			name = Debug;
		};
		28A3A49E2373FECB00418A14 /* Release */ = {
			isa = XCBuildConfiguration;
			buildSettings = {
				ALWAYS_EMBED_SWIFT_STANDARD_LIBRARIES = YES;
				CODE_SIGN_STYLE = Automatic;
				DEVELOPMENT_TEAM = 62WM398225;
				INFOPLIST_FILE = 2_PacManLoaderAnimationUITests/Info.plist;
				LD_RUNPATH_SEARCH_PATHS = (
					"$(inherited)",
					"@executable_path/Frameworks",
					"@loader_path/Frameworks",
				);
				PRODUCT_BUNDLE_IDENTIFIER = "ace.senegal.viettasc.--PacManLoaderAnimationUITests";
				PRODUCT_NAME = "$(TARGET_NAME)";
				SWIFT_VERSION = 5.0;
				TARGETED_DEVICE_FAMILY = "1,2";
				TEST_TARGET_NAME = 2_PacManLoaderAnimation;
			};
			name = Release;
		};
/* End XCBuildConfiguration section */

/* Begin XCConfigurationList section */
		28A3A4642373FECA00418A14 /* Build configuration list for PBXProject "2_PacManLoaderAnimation" */ = {
			isa = XCConfigurationList;
			buildConfigurations = (
				28A3A4942373FECB00418A14 /* Debug */,
				28A3A4952373FECB00418A14 /* Release */,
			);
			defaultConfigurationIsVisible = 0;
			defaultConfigurationName = Release;
		};
		28A3A4962373FECB00418A14 /* Build configuration list for PBXNativeTarget "2_PacManLoaderAnimation" */ = {
			isa = XCConfigurationList;
			buildConfigurations = (
				28A3A4972373FECB00418A14 /* Debug */,
				28A3A4982373FECB00418A14 /* Release */,
			);
			defaultConfigurationIsVisible = 0;
			defaultConfigurationName = Release;
		};
		28A3A4992373FECB00418A14 /* Build configuration list for PBXNativeTarget "2_PacManLoaderAnimationTests" */ = {
			isa = XCConfigurationList;
			buildConfigurations = (
				28A3A49A2373FECB00418A14 /* Debug */,
				28A3A49B2373FECB00418A14 /* Release */,
			);
			defaultConfigurationIsVisible = 0;
			defaultConfigurationName = Release;
		};
		28A3A49C2373FECB00418A14 /* Build configuration list for PBXNativeTarget "2_PacManLoaderAnimationUITests" */ = {
			isa = XCConfigurationList;
			buildConfigurations = (
				28A3A49D2373FECB00418A14 /* Debug */,
				28A3A49E2373FECB00418A14 /* Release */,
			);
			defaultConfigurationIsVisible = 0;
			defaultConfigurationName = Release;
		};
/* End XCConfigurationList section */

/* Begin XCVersionGroup section */
		28A3A4702373FECA00418A14 /* __PacManLoaderAnimation.xcdatamodeld */ = {
			isa = XCVersionGroup;
			children = (
				28A3A4712373FECA00418A14 /* __PacManLoaderAnimation.xcdatamodel */,
			);
			currentVersion = 28A3A4712373FECA00418A14 /* __PacManLoaderAnimation.xcdatamodel */;
			path = __PacManLoaderAnimation.xcdatamodeld;
			sourceTree = "<group>";
			versionGroupType = wrapper.xcdatamodel;
		};
/* End XCVersionGroup section */
	};
	rootObject = 28A3A4612373FECA00418A14 /* Project object */;
}
